{
  "lockfileVersion": 1,
  "workspaces": {
    "": {
      "devDependencies": {
        "@domino/runtime": "npm:@jsr/domino__runtime",
        "@domino/vite": "npm:@jsr/domino__vite",
      },
    },
  },
  "packages": {
    "@domino/runtime": ["@jsr/domino__runtime@0.1.0", "https://npm.jsr.io/~/11/@jsr/domino__runtime/0.1.0.tgz", {}, "sha512-R42mCQXgLdnYhUhFYZV6Zq6xO7VukScFMEOoYDKlc/uKWYvOoPSYL1wFBrLp4qDnObVO0B0LIMiTOV8WylUrIg=="],

    "@domino/vite": ["@jsr/domino__vite@0.1.0", "https://npm.jsr.io/~/11/@jsr/domino__vite/0.1.0.tgz", { "dependencies": { "@jsr/domino__compiler": "^0.1.0", "vite": "^8.0.7" } }, "sha512-eUZFpeGgrKxwrMxFZFMlzI7CD1Uam/QCjxk4dD15tChlIojb3WQYXA1USkODQAXtXUk6rgtAdTYGAjpnL2JnFg=="],

    "@emnapi/core": ["@emnapi/core@1.9.1", "", { "dependencies": { "@emnapi/wasi-threads": "1.2.0", "tslib": "^2.4.0" } }, "sha512-mukuNALVsoix/w1BJwFzwXBN/dHeejQtuVzcDsfOEsdpCumXb/E9j8w11h5S54tT1xhifGfbbSm/ICrObRb3KA=="],

    "@emnapi/runtime": ["@emnapi/runtime@1.9.1", "", { "dependencies": { "tslib": "^2.4.0" } }, "sha512-VYi5+ZVLhpgK4hQ0TAjiQiZ6ol0oe4mBx7mVv7IflsiEp0OWoVsp/+f9Vc1hOhE0TtkORVrI1GvzyreqpgWtkA=="],

    "@emnapi/wasi-threads": ["@emnapi/wasi-threads@1.2.0", "", { "dependencies": { "tslib": "^2.4.0" } }, "sha512-N10dEJNSsUx41Z6pZsXU8FjPjpBEplgH24sfkmITrBED1/U2Esum9F3lfLrMjKHHjmi557zQn7kR9R+XWXu5Rg=="],

    "@jsr/bronti__robust": ["@jsr/bronti__robust@0.0.3-beta", "https://npm.jsr.io/~/11/@jsr/bronti__robust/0.0.3-beta.tgz", {}, "sha512-HwYdH7rvZikCNSbZl6YP6x3qX/0OYDyYCjmGqlboFxQqjrFfPn+XumqQ/aqzLbfPtyb5oPIpz7duB3d/MQha+g=="],

    "@jsr/domino__analyzer": ["@jsr/domino__analyzer@0.1.0", "https://npm.jsr.io/~/11/@jsr/domino__analyzer/0.1.0.tgz", { "dependencies": { "@jsr/bronti__robust": "0.0.3-beta", "node-html-parser": "^7.1.0" } }, "sha512-iB2sf050Pe7Lo5IDeL5suAUVdvRK7RD9XHpi/LcvkTANsOpr9s4iO1kVV2IzHXMgqYAwS+SZMDj8/4xqScjQEQ=="],

    "@jsr/domino__compiler": ["@jsr/domino__compiler@0.1.0", "https://npm.jsr.io/~/11/@jsr/domino__compiler/0.1.0.tgz", { "dependencies": { "@jsr/bronti__robust": "0.0.3-beta", "@jsr/domino__analyzer": "^0.1.0", "astring": "^1.9.0", "node-estree": "^4.0.0" } }, "sha512-bMEgPtmXdk0LH/Ycvu5abWdB9QP8Xsf3su2l1o6QGrWreHr2LNvHcOUBfkTBRfPdnnF7WS+V1VoVO7FUj1ZxMQ=="],

    "@napi-rs/wasm-runtime": ["@napi-rs/wasm-runtime@1.1.2", "", { "dependencies": { "@tybys/wasm-util": "^0.10.1" }, "peerDependencies": { "@emnapi/core": "^1.7.1", "@emnapi/runtime": "^1.7.1" } }, "sha512-sNXv5oLJ7ob93xkZ1XnxisYhGYXfaG9f65/ZgYuAu3qt7b3NadcOEhLvx28hv31PgX8SZJRYrAIPQilQmFpLVw=="],

    "@oxc-project/types": ["@oxc-project/types@0.123.0", "", {}, "sha512-YtECP/y8Mj1lSHiUWGSRzy/C6teUKlS87dEfuVKT09LgQbUsBW1rNg+MiJ4buGu3yuADV60gbIvo9/HplA56Ew=="],

    "@rolldown/binding-android-arm64": ["@rolldown/binding-android-arm64@1.0.0-rc.13", "", { "os": "android", "cpu": "arm64" }, "sha512-5ZiiecKH2DXAVJTNN13gNMUcCDg4Jy8ZjbXEsPnqa248wgOVeYRX0iqXXD5Jz4bI9BFHgKsI2qmyJynstbmr+g=="],

    "@rolldown/binding-darwin-arm64": ["@rolldown/binding-darwin-arm64@1.0.0-rc.13", "", { "os": "darwin", "cpu": "arm64" }, "sha512-tz/v/8G77seu8zAB3A5sK3UFoOl06zcshEzhUO62sAEtrEuW/H1CcyoupOrD+NbQJytYgA4CppXPzlrmp4JZKA=="],

    "@rolldown/binding-darwin-x64": ["@rolldown/binding-darwin-x64@1.0.0-rc.13", "", { "os": "darwin", "cpu": "x64" }, "sha512-8DakphqOz8JrMYWTJmWA+vDJxut6LijZ8Xcdc4flOlAhU7PNVwo2MaWBF9iXjJAPo5rC/IxEFZDhJ3GC7NHvug=="],

    "@rolldown/binding-freebsd-x64": ["@rolldown/binding-freebsd-x64@1.0.0-rc.13", "", { "os": "freebsd", "cpu": "x64" }, "sha512-4wBQFfjDuXYN/SVI8inBF3Aa+isq40rc6VMFbk5jcpolUBTe5cYnMsHZ51nFWsx3PVyyNN3vgoESki0Hmr/4BA=="],

    "@rolldown/binding-linux-arm-gnueabihf": ["@rolldown/binding-linux-arm-gnueabihf@1.0.0-rc.13", "", { "os": "linux", "cpu": "arm" }, "sha512-JW/e4yPIXLms+jmnbwwy5LA/LxVwZUWLN8xug+V200wzaVi5TEGIWQlh8o91gWYFxW609euI98OCCemmWGuPrw=="],

    "@rolldown/binding-linux-arm64-gnu": ["@rolldown/binding-linux-arm64-gnu@1.0.0-rc.13", "", { "os": "linux", "cpu": "arm64" }, "sha512-ZfKWpXiUymDnavepCaM6KG/uGydJ4l2nBmMxg60Ci4CbeefpqjPWpfaZM7PThOhk2dssqBAcwLc6rAyr0uTdXg=="],

    "@rolldown/binding-linux-arm64-musl": ["@rolldown/binding-linux-arm64-musl@1.0.0-rc.13", "", { "os": "linux", "cpu": "arm64" }, "sha512-bmRg3O6Z0gq9yodKKWCIpnlH051sEfdVwt+6m5UDffAQMUUqU0xjnQqqAUm+Gu7ofAAly9DqiQDtKu2nPDEABA=="],

    "@rolldown/binding-linux-ppc64-gnu": ["@rolldown/binding-linux-ppc64-gnu@1.0.0-rc.13", "", { "os": "linux", "cpu": "ppc64" }, "sha512-8Wtnbw4k7pMYN9B/mOEAsQ8HOiq7AZ31Ig4M9BKn2So4xRaFEhtCSa4ZJaOutOWq50zpgR4N5+L/opnlaCx8wQ=="],

    "@rolldown/binding-linux-s390x-gnu": ["@rolldown/binding-linux-s390x-gnu@1.0.0-rc.13", "", { "os": "linux", "cpu": "s390x" }, "sha512-D/0Nlo8mQuxSMohNJUF2lDXWRsFDsHldfRRgD9bRgktj+EndGPj4DOV37LqDKPYS+osdyhZEH7fTakTAEcW7qg=="],

    "@rolldown/binding-linux-x64-gnu": ["@rolldown/binding-linux-x64-gnu@1.0.0-rc.13", "", { "os": "linux", "cpu": "x64" }, "sha512-eRrPvat2YaVQcwwKi/JzOP6MKf1WRnOCr+VaI3cTWz3ZoLcP/654z90lVCJ4dAuMEpPdke0n+qyAqXDZdIC4rA=="],

    "@rolldown/binding-linux-x64-musl": ["@rolldown/binding-linux-x64-musl@1.0.0-rc.13", "", { "os": "linux", "cpu": "x64" }, "sha512-PsdONiFRp8hR8KgVjTWjZ9s7uA3uueWL0t74/cKHfM4dR5zXYv4AjB8BvA+QDToqxAFg4ZkcVEqeu5F7inoz5w=="],

    "@rolldown/binding-openharmony-arm64": ["@rolldown/binding-openharmony-arm64@1.0.0-rc.13", "", { "os": "none", "cpu": "arm64" }, "sha512-hCNXgC5dI3TVOLrPT++PKFNZ+1EtS0mLQwfXXXSUD/+rGlB65gZDwN/IDuxLpQP4x8RYYHqGomlUXzpO8aVI2w=="],

    "@rolldown/binding-wasm32-wasi": ["@rolldown/binding-wasm32-wasi@1.0.0-rc.13", "", { "dependencies": { "@emnapi/core": "1.9.1", "@emnapi/runtime": "1.9.1", "@napi-rs/wasm-runtime": "^1.1.2" }, "cpu": "none" }, "sha512-viLS5C5et8NFtLWw9Sw3M/w4vvnVkbWkO7wSNh3C+7G1+uCkGpr6PcjNDSFcNtmXY/4trjPBqUfcOL+P3sWy/g=="],

    "@rolldown/binding-win32-arm64-msvc": ["@rolldown/binding-win32-arm64-msvc@1.0.0-rc.13", "", { "os": "win32", "cpu": "arm64" }, "sha512-Fqa3Tlt1xL4wzmAYxGNFV36Hb+VfPc9PYU+E25DAnswXv3ODDu/yyWjQDbXMo5AGWkQVjLgQExuVu8I/UaZhPQ=="],

    "@rolldown/binding-win32-x64-msvc": ["@rolldown/binding-win32-x64-msvc@1.0.0-rc.13", "", { "os": "win32", "cpu": "x64" }, "sha512-/pLI5kPkGEi44TDlnbio3St/5gUFeN51YWNAk/Gnv6mEQBOahRBh52qVFVBpmrnU01n2yysvBML9Ynu7K4kGAQ=="],

    "@rolldown/pluginutils": ["@rolldown/pluginutils@1.0.0-rc.13", "", {}, "sha512-3ngTAv6F/Py35BsYbeeLeecvhMKdsKm4AoOETVhAA+Qc8nrA2I0kF7oa93mE9qnIurngOSpMnQ0x2nQY2FPviA=="],

    "@slimio/is": ["@slimio/is@2.0.0", "", {}, "sha512-aEwQVndB4uVQsJ55HJjff3dnETpa2EfkNeAK/ldxT0VeqaNG9Q/zcCBmrRKJ9jsE9sXI4HsDUCotVBVswVKB+w=="],

    "@tybys/wasm-util": ["@tybys/wasm-util@0.10.1", "", { "dependencies": { "tslib": "^2.4.0" } }, "sha512-9tTaPJLSiejZKx+Bmog4uSubteqTvFrVrURwkmHixBo0G4seD0zUxp98E1DzUBJxLQ3NPwXrGKDiVjwx/DpPsg=="],

    "astring": ["astring@1.9.0", "", { "bin": { "astring": "bin/astring" } }, "sha512-LElXdjswlqjWrPpJFg1Fx4wpkOCxj1TDHlSV4PlaRxHGWko024xICaa97ZkMfs6DRKlCguiAI+rbXv5GWwXIkg=="],

    "boolbase": ["boolbase@1.0.0", "", {}, "sha512-JZOSA7Mo9sNGB8+UjSgzdLtokWAky1zbztM3WRLCbZ70/3cTANmQmOdR7y2g+J0e2WXywy1yS468tY+IruqEww=="],

    "css-select": ["css-select@5.2.2", "", { "dependencies": { "boolbase": "^1.0.0", "css-what": "^6.1.0", "domhandler": "^5.0.2", "domutils": "^3.0.1", "nth-check": "^2.0.1" } }, "sha512-TizTzUddG/xYLA3NXodFM0fSbNizXjOKhqiQQwvhlspadZokn1KDy0NZFS0wuEubIYAV5/c1/lAr0TaaFXEXzw=="],

    "css-what": ["css-what@6.2.2", "", {}, "sha512-u/O3vwbptzhMs3L1fQE82ZSLHQQfto5gyZzwteVIEyeaY5Fc7R4dapF/BvRoSYFeqfBk4m0V1Vafq5Pjv25wvA=="],

    "detect-libc": ["detect-libc@2.1.2", "", {}, "sha512-Btj2BOOO83o3WyH59e8MgXsxEQVcarkUOpEYrubB0urwnN10yQ364rsiByU11nZlqWYZm05i/of7io4mzihBtQ=="],

    "dom-serializer": ["dom-serializer@2.0.0", "", { "dependencies": { "domelementtype": "^2.3.0", "domhandler": "^5.0.2", "entities": "^4.2.0" } }, "sha512-wIkAryiqt/nV5EQKqQpo3SToSOV9J0DnbJqwK7Wv/Trc92zIAYZ4FlMu+JPFW1DfGFt81ZTCGgDEabffXeLyJg=="],

    "domelementtype": ["domelementtype@2.3.0", "", {}, "sha512-OLETBj6w0OsagBwdXnPdN0cnMfF9opN69co+7ZrbfPGrdpPVNBUj02spi6B1N7wChLQiPn4CSH/zJvXw56gmHw=="],

    "domhandler": ["domhandler@5.0.3", "", { "dependencies": { "domelementtype": "^2.3.0" } }, "sha512-cgwlv/1iFQiFnU96XXgROh8xTeetsnJiDsTc7TYCLFd9+/WNkIqPTxiM/8pSd8VIrhXGTf1Ny1q1hquVqDJB5w=="],

    "domutils": ["domutils@3.2.2", "", { "dependencies": { "dom-serializer": "^2.0.0", "domelementtype": "^2.3.0", "domhandler": "^5.0.3" } }, "sha512-6kZKyUajlDuqlHKVX1w7gyslj9MPIXzIFiz/rGu35uC1wMi+kMhQwGhl4lt9unC9Vb9INnY9Z3/ZA3+FhASLaw=="],

    "entities": ["entities@4.5.0", "", {}, "sha512-V0hjH4dGPh9Ao5p0MoRY6BVqtwCjhz6vI5LT8AJ55H+4g9/4vbHx1I54fS0XuclLhDHArPQCiMjDxjaL8fPxhw=="],

    "fdir": ["fdir@6.5.0", "", { "peerDependencies": { "picomatch": "^3 || ^4" }, "optionalPeers": ["picomatch"] }, "sha512-tIbYtZbucOs0BRGqPJkshJUYdL+SDH7dVM8gjy+ERp3WAUjLEFJE+02kanyHtwjWOnwrKYBiwAmM0p4kLJAnXg=="],

    "fsevents": ["fsevents@2.3.3", "", { "os": "darwin" }, "sha512-5xoDfX+fL7faATnagmWPpbFtwh/R77WmMMqqHGS65C3vvB0YHrgF+B1YmZ3441tMj5n63k0212XNoJwzlhffQw=="],

    "he": ["he@1.2.0", "", { "bin": { "he": "bin/he" } }, "sha512-F/1DnUGPopORZi0ni+CvrCgHQ5FyEAHRLSApuYWMmrbSwoN2Mn/7k+Gl38gJnR7yyDZk6WLXwiGod1JOWNDKGw=="],

    "lightningcss": ["lightningcss@1.32.0", "", { "dependencies": { "detect-libc": "^2.0.3" }, "optionalDependencies": { "lightningcss-android-arm64": "1.32.0", "lightningcss-darwin-arm64": "1.32.0", "lightningcss-darwin-x64": "1.32.0", "lightningcss-freebsd-x64": "1.32.0", "lightningcss-linux-arm-gnueabihf": "1.32.0", "lightningcss-linux-arm64-gnu": "1.32.0", "lightningcss-linux-arm64-musl": "1.32.0", "lightningcss-linux-x64-gnu": "1.32.0", "lightningcss-linux-x64-musl": "1.32.0", "lightningcss-win32-arm64-msvc": "1.32.0", "lightningcss-win32-x64-msvc": "1.32.0" } }, "sha512-NXYBzinNrblfraPGyrbPoD19C1h9lfI/1mzgWYvXUTe414Gz/X1FD2XBZSZM7rRTrMA8JL3OtAaGifrIKhQ5yQ=="],

    "lightningcss-android-arm64": ["lightningcss-android-arm64@1.32.0", "", { "os": "android", "cpu": "arm64" }, "sha512-YK7/ClTt4kAK0vo6w3X+Pnm0D2cf2vPHbhOXdoNti1Ga0al1P4TBZhwjATvjNwLEBCnKvjJc2jQgHXH0NEwlAg=="],

    "lightningcss-darwin-arm64": ["lightningcss-darwin-arm64@1.32.0", "", { "os": "darwin", "cpu": "arm64" }, "sha512-RzeG9Ju5bag2Bv1/lwlVJvBE3q6TtXskdZLLCyfg5pt+HLz9BqlICO7LZM7VHNTTn/5PRhHFBSjk5lc4cmscPQ=="],

    "lightningcss-darwin-x64": ["lightningcss-darwin-x64@1.32.0", "", { "os": "darwin", "cpu": "x64" }, "sha512-U+QsBp2m/s2wqpUYT/6wnlagdZbtZdndSmut/NJqlCcMLTWp5muCrID+K5UJ6jqD2BFshejCYXniPDbNh73V8w=="],

    "lightningcss-freebsd-x64": ["lightningcss-freebsd-x64@1.32.0", "", { "os": "freebsd", "cpu": "x64" }, "sha512-JCTigedEksZk3tHTTthnMdVfGf61Fky8Ji2E4YjUTEQX14xiy/lTzXnu1vwiZe3bYe0q+SpsSH/CTeDXK6WHig=="],

    "lightningcss-linux-arm-gnueabihf": ["lightningcss-linux-arm-gnueabihf@1.32.0", "", { "os": "linux", "cpu": "arm" }, "sha512-x6rnnpRa2GL0zQOkt6rts3YDPzduLpWvwAF6EMhXFVZXD4tPrBkEFqzGowzCsIWsPjqSK+tyNEODUBXeeVHSkw=="],

    "lightningcss-linux-arm64-gnu": ["lightningcss-linux-arm64-gnu@1.32.0", "", { "os": "linux", "cpu": "arm64" }, "sha512-0nnMyoyOLRJXfbMOilaSRcLH3Jw5z9HDNGfT/gwCPgaDjnx0i8w7vBzFLFR1f6CMLKF8gVbebmkUN3fa/kQJpQ=="],

    "lightningcss-linux-arm64-musl": ["lightningcss-linux-arm64-musl@1.32.0", "", { "os": "linux", "cpu": "arm64" }, "sha512-UpQkoenr4UJEzgVIYpI80lDFvRmPVg6oqboNHfoH4CQIfNA+HOrZ7Mo7KZP02dC6LjghPQJeBsvXhJod/wnIBg=="],

    "lightningcss-linux-x64-gnu": ["lightningcss-linux-x64-gnu@1.32.0", "", { "os": "linux", "cpu": "x64" }, "sha512-V7Qr52IhZmdKPVr+Vtw8o+WLsQJYCTd8loIfpDaMRWGUZfBOYEJeyJIkqGIDMZPwPx24pUMfwSxxI8phr/MbOA=="],

    "lightningcss-linux-x64-musl": ["lightningcss-linux-x64-musl@1.32.0", "", { "os": "linux", "cpu": "x64" }, "sha512-bYcLp+Vb0awsiXg/80uCRezCYHNg1/l3mt0gzHnWV9XP1W5sKa5/TCdGWaR/zBM2PeF/HbsQv/j2URNOiVuxWg=="],

    "lightningcss-win32-arm64-msvc": ["lightningcss-win32-arm64-msvc@1.32.0", "", { "os": "win32", "cpu": "arm64" }, "sha512-8SbC8BR40pS6baCM8sbtYDSwEVQd4JlFTOlaD3gWGHfThTcABnNDBda6eTZeqbofalIJhFx0qKzgHJmcPTnGdw=="],

    "lightningcss-win32-x64-msvc": ["lightningcss-win32-x64-msvc@1.32.0", "", { "os": "win32", "cpu": "x64" }, "sha512-Amq9B/SoZYdDi1kFrojnoqPLxYhQ4Wo5XiL8EVJrVsB8ARoC1PWW6VGtT0WKCemjy8aC+louJnjS7U18x3b06Q=="],

    "nanoid": ["nanoid@3.3.11", "", { "bin": { "nanoid": "bin/nanoid.cjs" } }, "sha512-N8SpfPUnUp1bK+PMYW8qSWdl9U+wwNWI4QKxOYDy9JAro3WMX7p2OeVRF9v+347pnakNevPmiHhNmZ2HbFA76w=="],

    "node-estree": ["node-estree@4.0.0", "", { "dependencies": { "@slimio/is": "^2.0.0" } }, "sha512-XMU4U91meO+XFZaZLqkr7iEZdje7ftiqx4hlQ0LMb6h+gJBPgzSTeU++dUpGxH8v6wdkKrbpf4mifX5vPg8rAg=="],

    "node-html-parser": ["node-html-parser@7.1.0", "", { "dependencies": { "css-select": "^5.1.0", "he": "1.2.0" } }, "sha512-iJo8b2uYGT40Y8BTyy5ufL6IVbN8rbm/1QK2xffXU/1a/v3AAa0d1YAoqBNYqaS4R/HajkWIpIfdE6KcyFh1AQ=="],

    "nth-check": ["nth-check@2.1.1", "", { "dependencies": { "boolbase": "^1.0.0" } }, "sha512-lqjrjmaOoAnWfMmBPL+XNnynZh2+swxiX3WUE0s4yEHI6m+AwrK2UZOimIRl3X/4QctVqS8AiZjFqyOGrMXb/w=="],

    "picocolors": ["picocolors@1.1.1", "", {}, "sha512-xceH2snhtb5M9liqDsmEw56le376mTZkEX/jEb/RxNFyegNul7eNslCXP9FDj/Lcu0X8KEyMceP2ntpaHrDEVA=="],

    "picomatch": ["picomatch@4.0.4", "", {}, "sha512-QP88BAKvMam/3NxH6vj2o21R6MjxZUAd6nlwAS/pnGvN9IVLocLHxGYIzFhg6fUQ+5th6P4dv4eW9jX3DSIj7A=="],

    "postcss": ["postcss@8.5.8", "", { "dependencies": { "nanoid": "^3.3.11", "picocolors": "^1.1.1", "source-map-js": "^1.2.1" } }, "sha512-OW/rX8O/jXnm82Ey1k44pObPtdblfiuWnrd8X7GJ7emImCOstunGbXUpp7HdBrFQX6rJzn3sPT397Wp5aCwCHg=="],

    "rolldown": ["rolldown@1.0.0-rc.13", "", { "dependencies": { "@oxc-project/types": "=0.123.0", "@rolldown/pluginutils": "1.0.0-rc.13" }, "optionalDependencies": { "@rolldown/binding-android-arm64": "1.0.0-rc.13", "@rolldown/binding-darwin-arm64": "1.0.0-rc.13", "@rolldown/binding-darwin-x64": "1.0.0-rc.13", "@rolldown/binding-freebsd-x64": "1.0.0-rc.13", "@rolldown/binding-linux-arm-gnueabihf": "1.0.0-rc.13", "@rolldown/binding-linux-arm64-gnu": "1.0.0-rc.13", "@rolldown/binding-linux-arm64-musl": "1.0.0-rc.13", "@rolldown/binding-linux-ppc64-gnu": "1.0.0-rc.13", "@rolldown/binding-linux-s390x-gnu": "1.0.0-rc.13", "@rolldown/binding-linux-x64-gnu": "1.0.0-rc.13", "@rolldown/binding-linux-x64-musl": "1.0.0-rc.13", "@rolldown/binding-openharmony-arm64": "1.0.0-rc.13", "@rolldown/binding-wasm32-wasi": "1.0.0-rc.13", "@rolldown/binding-win32-arm64-msvc": "1.0.0-rc.13", "@rolldown/binding-win32-x64-msvc": "1.0.0-rc.13" }, "bin": { "rolldown": "bin/cli.mjs" } }, "sha512-bvVj8YJmf0rq4pSFmH7laLa6pYrhghv3PRzrCdRAr23g66zOKVJ4wkvFtgohtPLWmthgg8/rkaqRHrpUEh0Zbw=="],

    "source-map-js": ["source-map-js@1.2.1", "", {}, "sha512-UXWMKhLOwVKb728IUtQPXxfYU+usdybtUrK/8uGE8CQMvrhOpwvzDBwj0QhSL7MQc7vIsISBG8VQ8+IDQxpfQA=="],

    "tinyglobby": ["tinyglobby@0.2.15", "", { "dependencies": { "fdir": "^6.5.0", "picomatch": "^4.0.3" } }, "sha512-j2Zq4NyQYG5XMST4cbs02Ak8iJUdxRM0XI5QyxXuZOzKOINmWurp3smXu3y5wDcJrptwpSjgXHzIQxR0omXljQ=="],

    "tslib": ["tslib@2.8.1", "", {}, "sha512-oJFu94HQb+KVduSUQL7wnpmqnfmLsOA/nAh6b6EH0wCEoK0/mPeXU6c3wKDV83MkOuHPRHtSXKKU99IBazS/2w=="],

    "vite": ["vite@8.0.7", "", { "dependencies": { "lightningcss": "^1.32.0", "picomatch": "^4.0.4", "postcss": "^8.5.8", "rolldown": "1.0.0-rc.13", "tinyglobby": "^0.2.15" }, "optionalDependencies": { "fsevents": "~2.3.3" }, "peerDependencies": { "@types/node": "^20.19.0 || >=22.12.0", "@vitejs/devtools": "^0.1.0", "esbuild": "^0.27.0 || ^0.28.0", "jiti": ">=1.21.0", "less": "^4.0.0", "sass": "^1.70.0", "sass-embedded": "^1.70.0", "stylus": ">=0.54.8", "sugarss": "^5.0.0", "terser": "^5.16.0", "tsx": "^4.8.1", "yaml": "^2.4.2" }, "optionalPeers": ["@types/node", "@vitejs/devtools", "esbuild", "jiti", "less", "sass", "sass-embedded", "stylus", "sugarss", "terser", "tsx", "yaml"], "bin": { "vite": "bin/vite.js" } }, "sha512-P1PbweD+2/udplnThz3btF4cf6AgPky7kk23RtHUkJIU5BIxwPprhRGmOAHs6FTI7UiGbTNrgNP6jSYD6JaRnw=="],
  }
}
