{
  "version": "5",
  "specifiers": {
    "jsr:@bronti/robust@0.0.3-beta": "0.0.3-beta",
    "npm:astring@^1.9.0": "1.9.0",
    "npm:node-estree@4": "4.0.0",
    "npm:node-html-parser@*": "7.1.0",
    "npm:node-html-parser@^7.1.0": "7.1.0"
  },
  "jsr": {
    "@bronti/robust@0.0.3-beta": {
      "integrity": "f426681aae38c92a5b06778799c2d881514ccbaf3d67f8c155cdf2d1d6ec58d2"
    }
  },
  "npm": {
    "@slimio/is@2.0.0": {
      "integrity": "sha512-aEwQVndB4uVQsJ55HJjff3dnETpa2EfkNeAK/ldxT0VeqaNG9Q/zcCBmrRKJ9jsE9sXI4HsDUCotVBVswVKB+w=="
    },
    "astring@1.9.0": {
      "integrity": "sha512-LElXdjswlqjWrPpJFg1Fx4wpkOCxj1TDHlSV4PlaRxHGWko024xICaa97ZkMfs6DRKlCguiAI+rbXv5GWwXIkg==",
      "bin": true
    },
    "boolbase@1.0.0": {
      "integrity": "sha512-JZOSA7Mo9sNGB8+UjSgzdLtokWAky1zbztM3WRLCbZ70/3cTANmQmOdR7y2g+J0e2WXywy1yS468tY+IruqEww=="
    },
    "css-select@5.2.2": {
      "integrity": "sha512-TizTzUddG/xYLA3NXodFM0fSbNizXjOKhqiQQwvhlspadZokn1KDy0NZFS0wuEubIYAV5/c1/lAr0TaaFXEXzw==",
      "dependencies": [
        "boolbase",
        "css-what",
        "domhandler",
        "domutils",
        "nth-check"
      ]
    },
    "css-what@6.2.2": {
      "integrity": "sha512-u/O3vwbptzhMs3L1fQE82ZSLHQQfto5gyZzwteVIEyeaY5Fc7R4dapF/BvRoSYFeqfBk4m0V1Vafq5Pjv25wvA=="
    },
    "dom-serializer@2.0.0": {
      "integrity": "sha512-wIkAryiqt/nV5EQKqQpo3SToSOV9J0DnbJqwK7Wv/Trc92zIAYZ4FlMu+JPFW1DfGFt81ZTCGgDEabffXeLyJg==",
      "dependencies": [
        "domelementtype",
        "domhandler",
        "entities"
      ]
    },
    "domelementtype@2.3.0": {
      "integrity": "sha512-OLETBj6w0OsagBwdXnPdN0cnMfF9opN69co+7ZrbfPGrdpPVNBUj02spi6B1N7wChLQiPn4CSH/zJvXw56gmHw=="
    },
    "domhandler@5.0.3": {
      "integrity": "sha512-cgwlv/1iFQiFnU96XXgROh8xTeetsnJiDsTc7TYCLFd9+/WNkIqPTxiM/8pSd8VIrhXGTf1Ny1q1hquVqDJB5w==",
      "dependencies": [
        "domelementtype"
      ]
    },
    "domutils@3.2.2": {
      "integrity": "sha512-6kZKyUajlDuqlHKVX1w7gyslj9MPIXzIFiz/rGu35uC1wMi+kMhQwGhl4lt9unC9Vb9INnY9Z3/ZA3+FhASLaw==",
      "dependencies": [
        "dom-serializer",
        "domelementtype",
        "domhandler"
      ]
    },
    "entities@4.5.0": {
      "integrity": "sha512-V0hjH4dGPh9Ao5p0MoRY6BVqtwCjhz6vI5LT8AJ55H+4g9/4vbHx1I54fS0XuclLhDHArPQCiMjDxjaL8fPxhw=="
    },
    "he@1.2.0": {
      "integrity": "sha512-F/1DnUGPopORZi0ni+CvrCgHQ5FyEAHRLSApuYWMmrbSwoN2Mn/7k+Gl38gJnR7yyDZk6WLXwiGod1JOWNDKGw==",
      "bin": true
    },
    "node-estree@4.0.0": {
      "integrity": "sha512-XMU4U91meO+XFZaZLqkr7iEZdje7ftiqx4hlQ0LMb6h+gJBPgzSTeU++dUpGxH8v6wdkKrbpf4mifX5vPg8rAg==",
      "dependencies": [
        "@slimio/is"
      ]
    },
    "node-html-parser@7.1.0": {
      "integrity": "sha512-iJo8b2uYGT40Y8BTyy5ufL6IVbN8rbm/1QK2xffXU/1a/v3AAa0d1YAoqBNYqaS4R/HajkWIpIfdE6KcyFh1AQ==",
      "dependencies": [
        "css-select",
        "he"
      ]
    },
    "nth-check@2.1.1": {
      "integrity": "sha512-lqjrjmaOoAnWfMmBPL+XNnynZh2+swxiX3WUE0s4yEHI6m+AwrK2UZOimIRl3X/4QctVqS8AiZjFqyOGrMXb/w==",
      "dependencies": [
        "boolbase"
      ]
    }
  },
  "workspace": {
    "dependencies": [
      "jsr:@bronti/robust@0.0.3-beta"
    ],
    "members": {
      "packages/analyzer": {
        "dependencies": [
          "npm:node-html-parser@^7.1.0"
        ]
      },
      "packages/compiler": {
        "dependencies": [
          "npm:astring@^1.9.0",
          "npm:node-estree@4"
        ]
      }
    }
  }
}
